
Microsoft Visual Studio Solution File, Format Version 12.00
# Visual Studio Version 17
VisualStudioVersion = 17.4.33122.133
MinimumVisualStudioVersion = 10.0.40219.1
Project("{8BC9CEB8-8B4A-11D0-8D11-00A0C91BC942}") = "C_221206", "C_221206\C_221206.vcxproj", "{FD576903-D1DC-4A5F-B0F5-EA563E130F69}"
EndProject
Global
	GlobalSection(SolutionConfigurationPlatforms) = preSolution
		Debug|x64 = Debug|x64
		Debug|x86 = Debug|x86
		Release|x64 = Release|x64
		Release|x86 = Release|x86
	EndGlobalSection
	GlobalSection(ProjectConfigurationPlatforms) = postSolution
		{FD576903-D1DC-4A5F-B0F5-EA563E130F69}.Debug|x64.ActiveCfg = Debug|x64
		{FD576903-D1DC-4A5F-B0F5-EA563E130F69}.Debug|x64.Build.0 = Debug|x64
		{FD576903-D1DC-4A5F-B0F5-EA563E130F69}.Debug|x86.ActiveCfg = Debug|Win32
		{FD576903-D1DC-4A5F-B0F5-EA563E130F69}.Debug|x86.Build.0 = Debug|Win32
		{FD576903-D1DC-4A5F-B0F5-EA563E130F69}.Release|x64.ActiveCfg = Release|x64
		{FD576903-D1DC-4A5F-B0F5-EA563E130F69}.Release|x64.Build.0 = Release|x64
		{FD576903-D1DC-4A5F-B0F5-EA563E130F69}.Release|x86.ActiveCfg = Release|Win32
		{FD576903-D1DC-4A5F-B0F5-EA563E130F69}.Release|x86.Build.0 = Release|Win32
	EndGlobalSection
	GlobalSection(SolutionProperties) = preSolution
		HideSolutionNode = FALSE
	EndGlobalSection
	GlobalSection(ExtensibilityGlobals) = postSolution
		SolutionGuid = {76FAE59B-AA72-4011-AFAB-61063384970F}
	EndGlobalSection
EndGlobal
